// !$*UTF8*$!
{
	archiveVersion = 1;
	classes = {
	};
	objectVersion = 46;
	objects = {

/* Begin PBXBuildFile section */
		96F704241D69D3DC0081408C /* tinyxml2.cpp in Sources */ = {isa = PBXBuildFile; fileRef = 96F704221D69D3DC0081408C /* tinyxml2.cpp */; };
		96F704251D69D40C0081408C /* tinyxml2.h in CopyFiles */ = {isa = PBXBuildFile; fileRef = 96F704231D69D3DC0081408C /* tinyxml2.h */; };
/* End PBXBuildFile section */

/* Begin PBXCopyFilesBuildPhase section */
		96F704141D69D3AA0081408C /* CopyFiles */ = {
			isa = PBXCopyFilesBuildPhase;
			buildActionMask = 2147483647;
			dstPath = "include/$(PRODUCT_NAME)";
			dstSubfolderSpec = 16;
			files = (
				96F704251D69D40C0081408C /* tinyxml2.h in CopyFiles */,
			);
			runOnlyForDeploymentPostprocessing = 0;
		};
/* End PBXCopyFilesBuildPhase section */

/* Begin PBXFileReference section */
		96F704161D69D3AA0081408C /* libtinyxml2.a */ = {isa = PBXFileReference; explicitFileType = archive.ar; includeInIndex = 0; path = libtinyxml2.a; sourceTree = BUILT_PRODUCTS_DIR; };
		96F704221D69D3DC0081408C /* tinyxml2.cpp */ = {isa = PBXFileReference; fileEncoding = 4; lastKnownFileType = sourcecode.cpp.cpp; path = tinyxml2.cpp; sourceTree = "<group>"; };
		96F704231D69D3DC0081408C /* tinyxml2.h */ = {isa = PBXFileReference; fileEncoding = 4; lastKnownFileType = sourcecode.c.h; path = tinyxml2.h; sourceTree = "<group>"; };
/* End PBXFileReference section */

/* Begin PBXFrameworksBuildPhase section */
		96F704131D69D3AA0081408C /* Frameworks */ = {
			isa = PBXFrameworksBuildPhase;
			buildActionMask = 2147483647;
			files = (
			);
			runOnlyForDeploymentPostprocessing = 0;
		};
/* End PBXFrameworksBuildPhase section */

/* Begin PBXGroup section */
		96F7040D1D69D3AA0081408C = {
			isa = PBXGroup;
			children = (
				96FA87E81D71CF5E006528A1 /* tinyxml2 */,
				96F704171D69D3AA0081408C /* Products */,
			);
			sourceTree = "<group>";
		};
		96F704171D69D3AA0081408C /* Products */ = {
			isa = PBXGroup;
			children = (
				96F704161D69D3AA0081408C /* libtinyxml2.a */,
			);
			name = Products;
			sourceTree = "<group>";
		};
		96FA87E81D71CF5E006528A1 /* tinyxml2 */ = {
			isa = PBXGroup;
			children = (
				96F704221D69D3DC0081408C /* tinyxml2.cpp */,
				96F704231D69D3DC0081408C /* tinyxml2.h */,
			);
			name = tinyxml2;
			sourceTree = "<group>";
		};
/* End PBXGroup section */

/* Begin PBXNativeTarget section */
		96F704151D69D3AA0081408C /* tinyxml2 */ = {
			isa = PBXNativeTarget;
			buildConfigurationList = 96F7041F1D69D3AB0081408C /* Build configuration list for PBXNativeTarget "tinyxml2" */;
			buildPhases = (
				96F704121D69D3AA0081408C /* Sources */,
				96F704131D69D3AA0081408C /* Frameworks */,
				96F704141D69D3AA0081408C /* CopyFiles */,
			);
			buildRules = (
			);
			dependencies = (
			);
			name = tinyxml2;
			productName = tinyxml2;
			productReference = 96F704161D69D3AA0081408C /* libtinyxml2.a */;
			productType = "com.apple.product-type.library.static";
		};
/* End PBXNativeTarget section */

/* Begin PBXProject section */
		96F7040E1D69D3AA0081408C /* Project object */ = {
			isa = PBXProject;
			attributes = {
				LastUpgradeCheck = 0810;
				ORGANIZATIONNAME = "Michel Donais";
				TargetAttributes = {
					96F704151D69D3AA0081408C = {
						CreatedOnToolsVersion = 8.0;
						DevelopmentTeam = 6UA46ZJEU9;
						DevelopmentTeamName = "Michel Donais";
						ProvisioningStyle = Automatic;
					};
				};
			};
			buildConfigurationList = 96F704111D69D3AA0081408C /* Build configuration list for PBXProject "tinyxml2" */;
			compatibilityVersion = "Xcode 3.2";
			developmentRegion = English;
			hasScannedForEncodings = 0;
			knownRegions = (
				en,
			);
			mainGroup = 96F7040D1D69D3AA0081408C;
			productRefGroup = 96F704171D69D3AA0081408C /* Products */;
			projectDirPath = "";
			projectRoot = "";
			targets = (
				96F704151D69D3AA0081408C /* tinyxml2 */,
			);
		};
/* End PBXProject section */

/* Begin PBXSourcesBuildPhase section */
		96F704121D69D3AA0081408C /* Sources */ = {
			isa = PBXSourcesBuildPhase;
			buildActionMask = 2147483647;
			files = (
				96F704241D69D3DC0081408C /* tinyxml2.cpp in Sources */,
			);
			runOnlyForDeploymentPostprocessing = 0;
		};
/* End PBXSourcesBuildPhase section */

/* Begin XCBuildConfiguration section */
		96F7041D1D69D3AB0081408C /* Debug */ = {
			isa = XCBuildConfiguration;
			buildSettings = {
				ALWAYS_SEARCH_USER_PATHS = NO;
				CLANG_CXX_LANGUAGE_STANDARD = "c++14";
				CLANG_CXX_LIBRARY = "libc++";
				COPY_PHASE_STRIP = NO;
				DEBUG_INFORMATION_FORMAT = "dwarf-with-dsym";
				ENABLE_TESTABILITY = YES;
				GCC_C_LANGUAGE_STANDARD = gnu99;
				GCC_OPTIMIZATION_LEVEL = 0;
				GCC_PREPROCESSOR_DEFINITIONS = (
					"DEBUG=1",
					"$(inherited)",
				);
				GCC_UNROLL_LOOPS = YES;
				MTL_ENABLE_DEBUG_INFO = YES;
				ONLY_ACTIVE_ARCH = YES;
				PRODUCT_NAME = tinyxml2;
				SKIP_INSTALL = YES;
			};
			name = Debug;
		};
		96F7041E1D69D3AB0081408C /* Release */ = {
			isa = XCBuildConfiguration;
			buildSettings = {
				ALWAYS_SEARCH_USER_PATHS = NO;
				CLANG_CXX_LANGUAGE_STANDARD = "c++14";
				CLANG_CXX_LIBRARY = "libc++";
				COPY_PHASE_STRIP = NO;
				DEBUG_INFORMATION_FORMAT = "dwarf-with-dsym";
				GCC_C_LANGUAGE_STANDARD = gnu99;
				GCC_OPTIMIZATION_LEVEL = fast;
				GCC_UNROLL_LOOPS = YES;
				MTL_ENABLE_DEBUG_INFO = NO;
				PRODUCT_NAME = tinyxml2;
				SKIP_INSTALL = YES;
				VALIDATE_PRODUCT = YES;
			};
			name = Release;
		};
		96F704201D69D3AB0081408C /* Debug */ = {
			isa = XCBuildConfiguration;
			buildSettings = {
				SDKROOT = iphoneos;
			};
			name = Debug;
		};
		96F704211D69D3AB0081408C /* Release */ = {
			isa = XCBuildConfiguration;
			buildSettings = {
				SDKROOT = iphoneos;
			};
			name = Release;
		};
/* End XCBuildConfiguration section */

/* Begin XCConfigurationList section */
		96F704111D69D3AA0081408C /* Build configuration list for PBXProject "tinyxml2" */ = {
			isa = XCConfigurationList;
			buildConfigurations = (
				96F7041D1D69D3AB0081408C /* Debug */,
				96F7041E1D69D3AB0081408C /* Release */,
			);
			defaultConfigurationIsVisible = 0;
			defaultConfigurationName = Release;
		};
		96F7041F1D69D3AB0081408C /* Build configuration list for PBXNativeTarget "tinyxml2" */ = {
			isa = XCConfigurationList;
			buildConfigurations = (
				96F704201D69D3AB0081408C /* Debug */,
				96F704211D69D3AB0081408C /* Release */,
			);
			defaultConfigurationIsVisible = 0;
			defaultConfigurationName = Release;
		};
/* End XCConfigurationList section */
	};
	rootObject = 96F7040E1D69D3AA0081408C /* Project object */;
}
